// !$*UTF8*$!
{
	archiveVersion = 1;
	classes = {
	};
	objectVersion = 46;
	objects = {

/* Begin PBXBuildFile section */
		7CA6B6871D6ACD6100AA7728 /* main.m in Sources */ = {isa = PBXBuildFile; fileRef = 7CA6B6861D6ACD6100AA7728 /* main.m */; };
		7CA6B68A1D6ACD6100AA7728 /* AppDelegate.m in Sources */ = {isa = PBXBuildFile; fileRef = 7CA6B6891D6ACD6100AA7728 /* AppDelegate.m */; };
		7CA6B68D1D6ACD6100AA7728 /* ViewController.m in Sources */ = {isa = PBXBuildFile; fileRef = 7CA6B68C1D6ACD6100AA7728 /* ViewController.m */; };
		7CA6B6901D6ACD6100AA7728 /* Main.storyboard in Resources */ = {isa = PBXBuildFile; fileRef = 7CA6B68E1D6ACD6100AA7728 /* Main.storyboard */; };
		7CA6B6931D6ACD6100AA7728 /* CCCollectionView.xcdatamodeld in Sources */ = {isa = PBXBuildFile; fileRef = 7CA6B6911D6ACD6100AA7728 /* CCCollectionView.xcdatamodeld */; };
		7CA6B6951D6ACD6100AA7728 /* Assets.xcassets in Resources */ = {isa = PBXBuildFile; fileRef = 7CA6B6941D6ACD6100AA7728 /* Assets.xcassets */; };
		7CA6B6981D6ACD6100AA7728 /* LaunchScreen.storyboard in Resources */ = {isa = PBXBuildFile; fileRef = 7CA6B6961D6ACD6100AA7728 /* LaunchScreen.storyboard */; };
		7CA6B6A31D6ACD6100AA7728 /* CCCollectionViewTests.m in Sources */ = {isa = PBXBuildFile; fileRef = 7CA6B6A21D6ACD6100AA7728 /* CCCollectionViewTests.m */; };
		7CA6B6AE1D6ACD6100AA7728 /* CCCollectionViewUITests.m in Sources */ = {isa = PBXBuildFile; fileRef = 7CA6B6AD1D6ACD6100AA7728 /* CCCollectionViewUITests.m */; };
		7CA6B6BF1D6AD07C00AA7728 /* CollectionViewCell.m in Sources */ = {isa = PBXBuildFile; fileRef = 7CA6B6BE1D6AD07C00AA7728 /* CollectionViewCell.m */; };
		7CA6B6C21D6AD09A00AA7728 /* FlowLayout.m in Sources */ = {isa = PBXBuildFile; fileRef = 7CA6B6C11D6AD09A00AA7728 /* FlowLayout.m */; };
/* End PBXBuildFile section */

/* Begin PBXContainerItemProxy section */
		7CA6B69F1D6ACD6100AA7728 /* PBXContainerItemProxy */ = {
			isa = PBXContainerItemProxy;
			containerPortal = 7CA6B67A1D6ACD6100AA7728 /* Project object */;
			proxyType = 1;
			remoteGlobalIDString = 7CA6B6811D6ACD6100AA7728;
			remoteInfo = CCCollectionView;
		};
		7CA6B6AA1D6ACD6100AA7728 /* PBXContainerItemProxy */ = {
			isa = PBXContainerItemProxy;
			containerPortal = 7CA6B67A1D6ACD6100AA7728 /* Project object */;
			proxyType = 1;
			remoteGlobalIDString = 7CA6B6811D6ACD6100AA7728;
			remoteInfo = CCCollectionView;
		};
/* End PBXContainerItemProxy section */

/* Begin PBXFileReference section */
		7CA6B6821D6ACD6100AA7728 /* CCCollectionView.app */ = {isa = PBXFileReference; explicitFileType = wrapper.application; includeInIndex = 0; path = CCCollectionView.app; sourceTree = BUILT_PRODUCTS_DIR; };
		7CA6B6861D6ACD6100AA7728 /* main.m */ = {isa = PBXFileReference; lastKnownFileType = sourcecode.c.objc; path = main.m; sourceTree = "<group>"; };
		7CA6B6881D6ACD6100AA7728 /* AppDelegate.h */ = {isa = PBXFileReference; lastKnownFileType = sourcecode.c.h; path = AppDelegate.h; sourceTree = "<group>"; };
		7CA6B6891D6ACD6100AA7728 /* AppDelegate.m */ = {isa = PBXFileReference; lastKnownFileType = sourcecode.c.objc; path = AppDelegate.m; sourceTree = "<group>"; };
		7CA6B68B1D6ACD6100AA7728 /* ViewController.h */ = {isa = PBXFileReference; lastKnownFileType = sourcecode.c.h; path = ViewController.h; sourceTree = "<group>"; };
		7CA6B68C1D6ACD6100AA7728 /* ViewController.m */ = {isa = PBXFileReference; lastKnownFileType = sourcecode.c.objc; path = ViewController.m; sourceTree = "<group>"; };
		7CA6B68F1D6ACD6100AA7728 /* Base */ = {isa = PBXFileReference; lastKnownFileType = file.storyboard; name = Base; path = Base.lproj/Main.storyboard; sourceTree = "<group>"; };
		7CA6B6921D6ACD6100AA7728 /* CCCollectionView.xcdatamodel */ = {isa = PBXFileReference; lastKnownFileType = wrapper.xcdatamodel; path = CCCollectionView.xcdatamodel; sourceTree = "<group>"; };
		7CA6B6941D6ACD6100AA7728 /* Assets.xcassets */ = {isa = PBXFileReference; lastKnownFileType = folder.assetcatalog; path = Assets.xcassets; sourceTree = "<group>"; };
		7CA6B6971D6ACD6100AA7728 /* Base */ = {isa = PBXFileReference; lastKnownFileType = file.storyboard; name = Base; path = Base.lproj/LaunchScreen.storyboard; sourceTree = "<group>"; };
		7CA6B6991D6ACD6100AA7728 /* Info.plist */ = {isa = PBXFileReference; lastKnownFileType = text.plist.xml; path = Info.plist; sourceTree = "<group>"; };
		7CA6B69E1D6ACD6100AA7728 /* CCCollectionViewTests.xctest */ = {isa = PBXFileReference; explicitFileType = wrapper.cfbundle; includeInIndex = 0; path = CCCollectionViewTests.xctest; sourceTree = BUILT_PRODUCTS_DIR; };
		7CA6B6A21D6ACD6100AA7728 /* CCCollectionViewTests.m */ = {isa = PBXFileReference; lastKnownFileType = sourcecode.c.objc; path = CCCollectionViewTests.m; sourceTree = "<group>"; };
		7CA6B6A41D6ACD6100AA7728 /* Info.plist */ = {isa = PBXFileReference; lastKnownFileType = text.plist.xml; path = Info.plist; sourceTree = "<group>"; };
		7CA6B6A91D6ACD6100AA7728 /* CCCollectionViewUITests.xctest */ = {isa = PBXFileReference; explicitFileType = wrapper.cfbundle; includeInIndex = 0; path = CCCollectionViewUITests.xctest; sourceTree = BUILT_PRODUCTS_DIR; };
		7CA6B6AD1D6ACD6100AA7728 /* CCCollectionViewUITests.m */ = {isa = PBXFileReference; lastKnownFileType = sourcecode.c.objc; path = CCCollectionViewUITests.m; sourceTree = "<group>"; };
		7CA6B6AF1D6ACD6100AA7728 /* Info.plist */ = {isa = PBXFileReference; lastKnownFileType = text.plist.xml; path = Info.plist; sourceTree = "<group>"; };
		7CA6B6BD1D6AD07C00AA7728 /* CollectionViewCell.h */ = {isa = PBXFileReference; fileEncoding = 4; lastKnownFileType = sourcecode.c.h; path = CollectionViewCell.h; sourceTree = "<group>"; };
		7CA6B6BE1D6AD07C00AA7728 /* CollectionViewCell.m */ = {isa = PBXFileReference; fileEncoding = 4; lastKnownFileType = sourcecode.c.objc; path = CollectionViewCell.m; sourceTree = "<group>"; };
		7CA6B6C01D6AD09A00AA7728 /* FlowLayout.h */ = {isa = PBXFileReference; fileEncoding = 4; lastKnownFileType = sourcecode.c.h; path = FlowLayout.h; sourceTree = "<group>"; };
		7CA6B6C11D6AD09A00AA7728 /* FlowLayout.m */ = {isa = PBXFileReference; fileEncoding = 4; lastKnownFileType = sourcecode.c.objc; path = FlowLayout.m; sourceTree = "<group>"; };
/* End PBXFileReference section */

/* Begin PBXFrameworksBuildPhase section */
		7CA6B67F1D6ACD6100AA7728 /* Frameworks */ = {
			isa = PBXFrameworksBuildPhase;
			buildActionMask = 2147483647;
			files = (
			);
			runOnlyForDeploymentPostprocessing = 0;
		};
		7CA6B69B1D6ACD6100AA7728 /* Frameworks */ = {
			isa = PBXFrameworksBuildPhase;
			buildActionMask = 2147483647;
			files = (
			);
			runOnlyForDeploymentPostprocessing = 0;
		};
		7CA6B6A61D6ACD6100AA7728 /* Frameworks */ = {
			isa = PBXFrameworksBuildPhase;
			buildActionMask = 2147483647;
			files = (
			);
			runOnlyForDeploymentPostprocessing = 0;
		};
/* End PBXFrameworksBuildPhase section */

/* Begin PBXGroup section */
		7CA6B6791D6ACD6100AA7728 = {
			isa = PBXGroup;
			children = (
				7CA6B6841D6ACD6100AA7728 /* CCCollectionView */,
				7CA6B6A11D6ACD6100AA7728 /* CCCollectionViewTests */,
				7CA6B6AC1D6ACD6100AA7728 /* CCCollectionViewUITests */,
				7CA6B6831D6ACD6100AA7728 /* Products */,
			);
			sourceTree = "<group>";
		};
		7CA6B6831D6ACD6100AA7728 /* Products */ = {
			isa = PBXGroup;
			children = (
				7CA6B6821D6ACD6100AA7728 /* CCCollectionView.app */,
				7CA6B69E1D6ACD6100AA7728 /* CCCollectionViewTests.xctest */,
				7CA6B6A91D6ACD6100AA7728 /* CCCollectionViewUITests.xctest */,
			);
			name = Products;
			sourceTree = "<group>";
		};
		7CA6B6841D6ACD6100AA7728 /* CCCollectionView */ = {
			isa = PBXGroup;
			children = (
				7CA6B6BC1D6AD05D00AA7728 /* Cell */,
				7CA6B6BB1D6AD05200AA7728 /* Layout */,
				7CA6B6881D6ACD6100AA7728 /* AppDelegate.h */,
				7CA6B6891D6ACD6100AA7728 /* AppDelegate.m */,
				7CA6B68B1D6ACD6100AA7728 /* ViewController.h */,
				7CA6B68C1D6ACD6100AA7728 /* ViewController.m */,
				7CA6B68E1D6ACD6100AA7728 /* Main.storyboard */,
				7CA6B6941D6ACD6100AA7728 /* Assets.xcassets */,
				7CA6B6961D6ACD6100AA7728 /* LaunchScreen.storyboard */,
				7CA6B6991D6ACD6100AA7728 /* Info.plist */,
				7CA6B6911D6ACD6100AA7728 /* CCCollectionView.xcdatamodeld */,
				7CA6B6851D6ACD6100AA7728 /* Supporting Files */,
			);
			path = CCCollectionView;
			sourceTree = "<group>";
		};
		7CA6B6851D6ACD6100AA7728 /* Supporting Files */ = {
			isa = PBXGroup;
			children = (
				7CA6B6861D6ACD6100AA7728 /* main.m */,
			);
			name = "Supporting Files";
			sourceTree = "<group>";
		};
		7CA6B6A11D6ACD6100AA7728 /* CCCollectionViewTests */ = {
			isa = PBXGroup;
			children = (
				7CA6B6A21D6ACD6100AA7728 /* CCCollectionViewTests.m */,
				7CA6B6A41D6ACD6100AA7728 /* Info.plist */,
			);
			path = CCCollectionViewTests;
			sourceTree = "<group>";
		};
		7CA6B6AC1D6ACD6100AA7728 /* CCCollectionViewUITests */ = {
			isa = PBXGroup;
			children = (
				7CA6B6AD1D6ACD6100AA7728 /* CCCollectionViewUITests.m */,
				7CA6B6AF1D6ACD6100AA7728 /* Info.plist */,
			);
			path = CCCollectionViewUITests;
			sourceTree = "<group>";
		};
		7CA6B6BB1D6AD05200AA7728 /* Layout */ = {
			isa = PBXGroup;
			children = (
				7CA6B6C01D6AD09A00AA7728 /* FlowLayout.h */,
				7CA6B6C11D6AD09A00AA7728 /* FlowLayout.m */,
			);
			name = Layout;
			sourceTree = "<group>";
		};
		7CA6B6BC1D6AD05D00AA7728 /* Cell */ = {
			isa = PBXGroup;
			children = (
				7CA6B6BD1D6AD07C00AA7728 /* CollectionViewCell.h */,
				7CA6B6BE1D6AD07C00AA7728 /* CollectionViewCell.m */,
			);
			name = Cell;
			sourceTree = "<group>";
		};
/* End PBXGroup section */

/* Begin PBXNativeTarget section */
		7CA6B6811D6ACD6100AA7728 /* CCCollectionView */ = {
			isa = PBXNativeTarget;
			buildConfigurationList = 7CA6B6B21D6ACD6100AA7728 /* Build configuration list for PBXNativeTarget "CCCollectionView" */;
			buildPhases = (
				7CA6B67E1D6ACD6100AA7728 /* Sources */,
				7CA6B67F1D6ACD6100AA7728 /* Frameworks */,
				7CA6B6801D6ACD6100AA7728 /* Resources */,
			);
			buildRules = (
			);
			dependencies = (
			);
			name = CCCollectionView;
			productName = CCCollectionView;
			productReference = 7CA6B6821D6ACD6100AA7728 /* CCCollectionView.app */;
			productType = "com.apple.product-type.application";
		};
		7CA6B69D1D6ACD6100AA7728 /* CCCollectionViewTests */ = {
			isa = PBXNativeTarget;
			buildConfigurationList = 7CA6B6B51D6ACD6100AA7728 /* Build configuration list for PBXNativeTarget "CCCollectionViewTests" */;
			buildPhases = (
				7CA6B69A1D6ACD6100AA7728 /* Sources */,
				7CA6B69B1D6ACD6100AA7728 /* Frameworks */,
				7CA6B69C1D6ACD6100AA7728 /* Resources */,
			);
			buildRules = (
			);
			dependencies = (
				7CA6B6A01D6ACD6100AA7728 /* PBXTargetDependency */,
			);
			name = CCCollectionViewTests;
			productName = CCCollectionViewTests;
			productReference = 7CA6B69E1D6ACD6100AA7728 /* CCCollectionViewTests.xctest */;
			productType = "com.apple.product-type.bundle.unit-test";
		};
		7CA6B6A81D6ACD6100AA7728 /* CCCollectionViewUITests */ = {
			isa = PBXNativeTarget;
			buildConfigurationList = 7CA6B6B81D6ACD6100AA7728 /* Build configuration list for PBXNativeTarget "CCCollectionViewUITests" */;
			buildPhases = (
				7CA6B6A51D6ACD6100AA7728 /* Sources */,
				7CA6B6A61D6ACD6100AA7728 /* Frameworks */,
				7CA6B6A71D6ACD6100AA7728 /* Resources */,
			);
			buildRules = (
			);
			dependencies = (
				7CA6B6AB1D6ACD6100AA7728 /* PBXTargetDependency */,
			);
			name = CCCollectionViewUITests;
			productName = CCCollectionViewUITests;
			productReference = 7CA6B6A91D6ACD6100AA7728 /* CCCollectionViewUITests.xctest */;
			productType = "com.apple.product-type.bundle.ui-testing";
		};
/* End PBXNativeTarget section */

/* Begin PBXProject section */
		7CA6B67A1D6ACD6100AA7728 /* Project object */ = {
			isa = PBXProject;
			attributes = {
				LastUpgradeCheck = 0730;
				ORGANIZATIONNAME = cyd;
				TargetAttributes = {
					7CA6B6811D6ACD6100AA7728 = {
						CreatedOnToolsVersion = 7.3.1;
					};
					7CA6B69D1D6ACD6100AA7728 = {
						CreatedOnToolsVersion = 7.3.1;
						TestTargetID = 7CA6B6811D6ACD6100AA7728;
					};
					7CA6B6A81D6ACD6100AA7728 = {
						CreatedOnToolsVersion = 7.3.1;
						TestTargetID = 7CA6B6811D6ACD6100AA7728;
					};
				};
			};
			buildConfigurationList = 7CA6B67D1D6ACD6100AA7728 /* Build configuration list for PBXProject "CCCollectionView" */;
			compatibilityVersion = "Xcode 3.2";
			developmentRegion = English;
			hasScannedForEncodings = 0;
			knownRegions = (
				en,
				Base,
			);
			mainGroup = 7CA6B6791D6ACD6100AA7728;
			productRefGroup = 7CA6B6831D6ACD6100AA7728 /* Products */;
			projectDirPath = "";
			projectRoot = "";
			targets = (
				7CA6B6811D6ACD6100AA7728 /* CCCollectionView */,
				7CA6B69D1D6ACD6100AA7728 /* CCCollectionViewTests */,
				7CA6B6A81D6ACD6100AA7728 /* CCCollectionViewUITests */,
			);
		};
/* End PBXProject section */

/* Begin PBXResourcesBuildPhase section */
		7CA6B6801D6ACD6100AA7728 /* Resources */ = {
			isa = PBXResourcesBuildPhase;
			buildActionMask = 2147483647;
			files = (
				7CA6B6981D6ACD6100AA7728 /* LaunchScreen.storyboard in Resources */,
				7CA6B6951D6ACD6100AA7728 /* Assets.xcassets in Resources */,
				7CA6B6901D6ACD6100AA7728 /* Main.storyboard in Resources */,
			);
			runOnlyForDeploymentPostprocessing = 0;
		};
		7CA6B69C1D6ACD6100AA7728 /* Resources */ = {
			isa = PBXResourcesBuildPhase;
			buildActionMask = 2147483647;
			files = (
			);
			runOnlyForDeploymentPostprocessing = 0;
		};
		7CA6B6A71D6ACD6100AA7728 /* Resources */ = {
			isa = PBXResourcesBuildPhase;
			buildActionMask = 2147483647;
			files = (
			);
			runOnlyForDeploymentPostprocessing = 0;
		};
/* End PBXResourcesBuildPhase section */

/* Begin PBXSourcesBuildPhase section */
		7CA6B67E1D6ACD6100AA7728 /* Sources */ = {
			isa = PBXSourcesBuildPhase;
			buildActionMask = 2147483647;
			files = (
				7CA6B68D1D6ACD6100AA7728 /* ViewController.m in Sources */,
				7CA6B6C21D6AD09A00AA7728 /* FlowLayout.m in Sources */,
				7CA6B6BF1D6AD07C00AA7728 /* CollectionViewCell.m in Sources */,
				7CA6B68A1D6ACD6100AA7728 /* AppDelegate.m in Sources */,
				7CA6B6931D6ACD6100AA7728 /* CCCollectionView.xcdatamodeld in Sources */,
				7CA6B6871D6ACD6100AA7728 /* main.m in Sources */,
			);
			runOnlyForDeploymentPostprocessing = 0;
		};
		7CA6B69A1D6ACD6100AA7728 /* Sources */ = {
			isa = PBXSourcesBuildPhase;
			buildActionMask = 2147483647;
			files = (
				7CA6B6A31D6ACD6100AA7728 /* CCCollectionViewTests.m in Sources */,
			);
			runOnlyForDeploymentPostprocessing = 0;
		};
		7CA6B6A51D6ACD6100AA7728 /* Sources */ = {
			isa = PBXSourcesBuildPhase;
			buildActionMask = 2147483647;
			files = (
				7CA6B6AE1D6ACD6100AA7728 /* CCCollectionViewUITests.m in Sources */,
			);
			runOnlyForDeploymentPostprocessing = 0;
		};
/* End PBXSourcesBuildPhase section */

/* Begin PBXTargetDependency section */
		7CA6B6A01D6ACD6100AA7728 /* PBXTargetDependency */ = {
			isa = PBXTargetDependency;
			target = 7CA6B6811D6ACD6100AA7728 /* CCCollectionView */;
			targetProxy = 7CA6B69F1D6ACD6100AA7728 /* PBXContainerItemProxy */;
		};
		7CA6B6AB1D6ACD6100AA7728 /* PBXTargetDependency */ = {
			isa = PBXTargetDependency;
			target = 7CA6B6811D6ACD6100AA7728 /* CCCollectionView */;
			targetProxy = 7CA6B6AA1D6ACD6100AA7728 /* PBXContainerItemProxy */;
		};
/* End PBXTargetDependency section */

/* Begin PBXVariantGroup section */
		7CA6B68E1D6ACD6100AA7728 /* Main.storyboard */ = {
			isa = PBXVariantGroup;
			children = (
				7CA6B68F1D6ACD6100AA7728 /* Base */,
			);
			name = Main.storyboard;
			sourceTree = "<group>";
		};
		7CA6B6961D6ACD6100AA7728 /* LaunchScreen.storyboard */ = {
			isa = PBXVariantGroup;
			children = (
				7CA6B6971D6ACD6100AA7728 /* Base */,
			);
			name = LaunchScreen.storyboard;
			sourceTree = "<group>";
		};
/* End PBXVariantGroup section */

/* Begin XCBuildConfiguration section */
		7CA6B6B01D6ACD6100AA7728 /* Debug */ = {
			isa = XCBuildConfiguration;
			buildSettings = {
				ALWAYS_SEARCH_USER_PATHS = NO;
				CLANG_ANALYZER_NONNULL = YES;
				CLANG_CXX_LANGUAGE_STANDARD = "gnu++0x";
				CLANG_CXX_LIBRARY = "libc++";
				CLANG_ENABLE_MODULES = YES;
				CLANG_ENABLE_OBJC_ARC = YES;
				CLANG_WARN_BOOL_CONVERSION = YES;
				CLANG_WARN_CONSTANT_CONVERSION = YES;
				CLANG_WARN_DIRECT_OBJC_ISA_USAGE = YES_ERROR;
				CLANG_WARN_EMPTY_BODY = YES;
				CLANG_WARN_ENUM_CONVERSION = YES;
				CLANG_WARN_INT_CONVERSION = YES;
				CLANG_WARN_OBJC_ROOT_CLASS = YES_ERROR;
				CLANG_WARN_UNREACHABLE_CODE = YES;
				CLANG_WARN__DUPLICATE_METHOD_MATCH = YES;
				"CODE_SIGN_IDENTITY[sdk=iphoneos*]" = "iPhone Developer";
				COPY_PHASE_STRIP = NO;
				DEBUG_INFORMATION_FORMAT = dwarf;
				ENABLE_STRICT_OBJC_MSGSEND = YES;
				ENABLE_TESTABILITY = YES;
				GCC_C_LANGUAGE_STANDARD = gnu99;
				GCC_DYNAMIC_NO_PIC = NO;
				GCC_NO_COMMON_BLOCKS = YES;
				GCC_OPTIMIZATION_LEVEL = 0;
				GCC_PREPROCESSOR_DEFINITIONS = (
					"DEBUG=1",
					"$(inherited)",
				);
				GCC_WARN_64_TO_32_BIT_CONVERSION = YES;
				GCC_WARN_ABOUT_RETURN_TYPE = YES_ERROR;
				GCC_WARN_UNDECLARED_SELECTOR = YES;
				GCC_WARN_UNINITIALIZED_AUTOS = YES_AGGRESSIVE;
				GCC_WARN_UNUSED_FUNCTION = YES;
				GCC_WARN_UNUSED_VARIABLE = YES;
				IPHONEOS_DEPLOYMENT_TARGET = 9.3;
				MTL_ENABLE_DEBUG_INFO = YES;
				ONLY_ACTIVE_ARCH = YES;
				SDKROOT = iphoneos;
			};
			name = Debug;
		};
		7CA6B6B11D6ACD6100AA7728 /* Release */ = {
			isa = XCBuildConfiguration;
			buildSettings = {
				ALWAYS_SEARCH_USER_PATHS = NO;
				CLANG_ANALYZER_NONNULL = YES;
				CLANG_CXX_LANGUAGE_STANDARD = "gnu++0x";
				CLANG_CXX_LIBRARY = "libc++";
				CLANG_ENABLE_MODULES = YES;
				CLANG_ENABLE_OBJC_ARC = YES;
				CLANG_WARN_BOOL_CONVERSION = YES;
				CLANG_WARN_CONSTANT_CONVERSION = YES;
				CLANG_WARN_DIRECT_OBJC_ISA_USAGE = YES_ERROR;
				CLANG_WARN_EMPTY_BODY = YES;
				CLANG_WARN_ENUM_CONVERSION = YES;
				CLANG_WARN_INT_CONVERSION = YES;
				CLANG_WARN_OBJC_ROOT_CLASS = YES_ERROR;
				CLANG_WARN_UNREACHABLE_CODE = YES;
				CLANG_WARN__DUPLICATE_METHOD_MATCH = YES;
				"CODE_SIGN_IDENTITY[sdk=iphoneos*]" = "iPhone Developer";
				COPY_PHASE_STRIP = NO;
				DEBUG_INFORMATION_FORMAT = "dwarf-with-dsym";
				ENABLE_NS_ASSERTIONS = NO;
				ENABLE_STRICT_OBJC_MSGSEND = YES;
				GCC_C_LANGUAGE_STANDARD = gnu99;
				GCC_NO_COMMON_BLOCKS = YES;
				GCC_WARN_64_TO_32_BIT_CONVERSION = YES;
				GCC_WARN_ABOUT_RETURN_TYPE = YES_ERROR;
				GCC_WARN_UNDECLARED_SELECTOR = YES;
				GCC_WARN_UNINITIALIZED_AUTOS = YES_AGGRESSIVE;
				GCC_WARN_UNUSED_FUNCTION = YES;
				GCC_WARN_UNUSED_VARIABLE = YES;
				IPHONEOS_DEPLOYMENT_TARGET = 9.3;
				MTL_ENABLE_DEBUG_INFO = NO;
				SDKROOT = iphoneos;
				VALIDATE_PRODUCT = YES;
			};
			name = Release;
		};
		7CA6B6B31D6ACD6100AA7728 /* Debug */ = {
			isa = XCBuildConfiguration;
			buildSettings = {
				ASSETCATALOG_COMPILER_APPICON_NAME = AppIcon;
				INFOPLIST_FILE = CCCollectionView/Info.plist;
				LD_RUNPATH_SEARCH_PATHS = "$(inherited) @executable_path/Frameworks";
				PRODUCT_BUNDLE_IDENTIFIER = com.cyd.ios.CCCollectionView;
				PRODUCT_NAME = "$(TARGET_NAME)";
			};
			name = Debug;
		};
		7CA6B6B41D6ACD6100AA7728 /* Release */ = {
			isa = XCBuildConfiguration;
			buildSettings = {
				ASSETCATALOG_COMPILER_APPICON_NAME = AppIcon;
				INFOPLIST_FILE = CCCollectionView/Info.plist;
				LD_RUNPATH_SEARCH_PATHS = "$(inherited) @executable_path/Frameworks";
				PRODUCT_BUNDLE_IDENTIFIER = com.cyd.ios.CCCollectionView;
				PRODUCT_NAME = "$(TARGET_NAME)";
			};
			name = Release;
		};
		7CA6B6B61D6ACD6100AA7728 /* Debug */ = {
			isa = XCBuildConfiguration;
			buildSettings = {
				BUNDLE_LOADER = "$(TEST_HOST)";
				INFOPLIST_FILE = CCCollectionViewTests/Info.plist;
				LD_RUNPATH_SEARCH_PATHS = "$(inherited) @executable_path/Frameworks @loader_path/Frameworks";
				PRODUCT_BUNDLE_IDENTIFIER = com.cyd.ios.CCCollectionViewTests;
				PRODUCT_NAME = "$(TARGET_NAME)";
				TEST_HOST = "$(BUILT_PRODUCTS_DIR)/CCCollectionView.app/CCCollectionView";
			};
			name = Debug;
		};
		7CA6B6B71D6ACD6100AA7728 /* Release */ = {
			isa = XCBuildConfiguration;
			buildSettings = {
				BUNDLE_LOADER = "$(TEST_HOST)";
				INFOPLIST_FILE = CCCollectionViewTests/Info.plist;
				LD_RUNPATH_SEARCH_PATHS = "$(inherited) @executable_path/Frameworks @loader_path/Frameworks";
				PRODUCT_BUNDLE_IDENTIFIER = com.cyd.ios.CCCollectionViewTests;
				PRODUCT_NAME = "$(TARGET_NAME)";
				TEST_HOST = "$(BUILT_PRODUCTS_DIR)/CCCollectionView.app/CCCollectionView";
			};
			name = Release;
		};
		7CA6B6B91D6ACD6100AA7728 /* Debug */ = {
			isa = XCBuildConfiguration;
			buildSettings = {
				INFOPLIST_FILE = CCCollectionViewUITests/Info.plist;
				LD_RUNPATH_SEARCH_PATHS = "$(inherited) @executable_path/Frameworks @loader_path/Frameworks";
				PRODUCT_BUNDLE_IDENTIFIER = com.cyd.ios.CCCollectionViewUITests;
				PRODUCT_NAME = "$(TARGET_NAME)";
				TEST_TARGET_NAME = CCCollectionView;
			};
			name = Debug;
		};
		7CA6B6BA1D6ACD6100AA7728 /* Release */ = {
			isa = XCBuildConfiguration;
			buildSettings = {
				INFOPLIST_FILE = CCCollectionViewUITests/Info.plist;
				LD_RUNPATH_SEARCH_PATHS = "$(inherited) @executable_path/Frameworks @loader_path/Frameworks";
				PRODUCT_BUNDLE_IDENTIFIER = com.cyd.ios.CCCollectionViewUITests;
				PRODUCT_NAME = "$(TARGET_NAME)";
				TEST_TARGET_NAME = CCCollectionView;
			};
			name = Release;
		};
/* End XCBuildConfiguration section */

/* Begin XCConfigurationList section */
		7CA6B67D1D6ACD6100AA7728 /* Build configuration list for PBXProject "CCCollectionView" */ = {
			isa = XCConfigurationList;
			buildConfigurations = (
				7CA6B6B01D6ACD6100AA7728 /* Debug */,
				7CA6B6B11D6ACD6100AA7728 /* Release */,
			);
			defaultConfigurationIsVisible = 0;
			defaultConfigurationName = Release;
		};
		7CA6B6B21D6ACD6100AA7728 /* Build configuration list for PBXNativeTarget "CCCollectionView" */ = {
			isa = XCConfigurationList;
			buildConfigurations = (
				7CA6B6B31D6ACD6100AA7728 /* Debug */,
				7CA6B6B41D6ACD6100AA7728 /* Release */,
			);
			defaultConfigurationIsVisible = 0;
		};
		7CA6B6B51D6ACD6100AA7728 /* Build configuration list for PBXNativeTarget "CCCollectionViewTests" */ = {
			isa = XCConfigurationList;
			buildConfigurations = (
				7CA6B6B61D6ACD6100AA7728 /* Debug */,
				7CA6B6B71D6ACD6100AA7728 /* Release */,
			);
			defaultConfigurationIsVisible = 0;
		};
		7CA6B6B81D6ACD6100AA7728 /* Build configuration list for PBXNativeTarget "CCCollectionViewUITests" */ = {
			isa = XCConfigurationList;
			buildConfigurations = (
				7CA6B6B91D6ACD6100AA7728 /* Debug */,
				7CA6B6BA1D6ACD6100AA7728 /* Release */,
			);
			defaultConfigurationIsVisible = 0;
		};
/* End XCConfigurationList section */

/* Begin XCVersionGroup section */
		7CA6B6911D6ACD6100AA7728 /* CCCollectionView.xcdatamodeld */ = {
			isa = XCVersionGroup;
			children = (
				7CA6B6921D6ACD6100AA7728 /* CCCollectionView.xcdatamodel */,
			);
			currentVersion = 7CA6B6921D6ACD6100AA7728 /* CCCollectionView.xcdatamodel */;
			path = CCCollectionView.xcdatamodeld;
			sourceTree = "<group>";
			versionGroupType = wrapper.xcdatamodel;
		};
/* End XCVersionGroup section */
	};
	rootObject = 7CA6B67A1D6ACD6100AA7728 /* Project object */;
}
